
Microsoft Visual Studio Solution File, Format Version 12.00
# Visual Studio Version 16
VisualStudioVersion = 16.0.30717.126
MinimumVisualStudioVersion = 10.0.40219.1
Project("{9A19103F-16F7-4668-BE54-9A1E7A4F7556}") = "AAV.WpfTheme.Model.App", "AAV.WpfTheme.Model.App.csproj", "{EFB37310-911E-44F1-A543-B4C9580D300F}"
EndProject
Project("{9A19103F-16F7-4668-BE54-9A1E7A4F7556}") = "AAV.WPF", "..\..\..\AAV.Shared\Src\Net6.0\AAV.WPF\AAV.WPF.csproj", "{51BDF108-5CD5-4B4F-98ED-30EB76ACBC75}"
EndProject
Project("{9A19103F-16F7-4668-BE54-9A1E7A4F7556}") = "AAV.Sys", "..\..\..\AAV.Shared\Src\Net6.0\AAV.Sys\AAV.Sys.csproj", "{84F93C86-2F14-416A-8F57-74190A966EBF}"
EndProject
Global
	GlobalSection(SolutionConfigurationPlatforms) = preSolution
		Debug|Any CPU = Debug|Any CPU
		Debug|x64 = Debug|x64
		Debug|x86 = Debug|x86
		Release|Any CPU = Release|Any CPU
		Release|x64 = Release|x64
		Release|x86 = Release|x86
	EndGlobalSection
	GlobalSection(ProjectConfigurationPlatforms) = postSolution
		{EFB37310-911E-44F1-A543-B4C9580D300F}.Debug|Any CPU.ActiveCfg = Debug|Any CPU
		{EFB37310-911E-44F1-A543-B4C9580D300F}.Debug|Any CPU.Build.0 = Debug|Any CPU
		{EFB37310-911E-44F1-A543-B4C9580D300F}.Debug|x64.ActiveCfg = Debug|x64
		{EFB37310-911E-44F1-A543-B4C9580D300F}.Debug|x64.Build.0 = Debug|x64
		{EFB37310-911E-44F1-A543-B4C9580D300F}.Debug|x86.ActiveCfg = Debug|Any CPU
		{EFB37310-911E-44F1-A543-B4C9580D300F}.Debug|x86.Build.0 = Debug|Any CPU
		{EFB37310-911E-44F1-A543-B4C9580D300F}.Release|Any CPU.ActiveCfg = Release|Any CPU
		{EFB37310-911E-44F1-A543-B4C9580D300F}.Release|Any CPU.Build.0 = Release|Any CPU
		{EFB37310-911E-44F1-A543-B4C9580D300F}.Release|x64.ActiveCfg = Release|Any CPU
		{EFB37310-911E-44F1-A543-B4C9580D300F}.Release|x64.Build.0 = Release|Any CPU
		{EFB37310-911E-44F1-A543-B4C9580D300F}.Release|x86.ActiveCfg = Release|Any CPU
		{EFB37310-911E-44F1-A543-B4C9580D300F}.Release|x86.Build.0 = Release|Any CPU
		{51BDF108-5CD5-4B4F-98ED-30EB76ACBC75}.Debug|Any CPU.ActiveCfg = Debug|Any CPU
		{51BDF108-5CD5-4B4F-98ED-30EB76ACBC75}.Debug|Any CPU.Build.0 = Debug|Any CPU
		{51BDF108-5CD5-4B4F-98ED-30EB76ACBC75}.Debug|x64.ActiveCfg = Debug|x64
		{51BDF108-5CD5-4B4F-98ED-30EB76ACBC75}.Debug|x64.Build.0 = Debug|x64
		{51BDF108-5CD5-4B4F-98ED-30EB76ACBC75}.Debug|x86.ActiveCfg = Debug|Any CPU
		{51BDF108-5CD5-4B4F-98ED-30EB76ACBC75}.Debug|x86.Build.0 = Debug|Any CPU
		{51BDF108-5CD5-4B4F-98ED-30EB76ACBC75}.Release|Any CPU.ActiveCfg = Release|Any CPU
		{51BDF108-5CD5-4B4F-98ED-30EB76ACBC75}.Release|Any CPU.Build.0 = Release|Any CPU
		{51BDF108-5CD5-4B4F-98ED-30EB76ACBC75}.Release|x64.ActiveCfg = Release|Any CPU
		{51BDF108-5CD5-4B4F-98ED-30EB76ACBC75}.Release|x64.Build.0 = Release|Any CPU
		{51BDF108-5CD5-4B4F-98ED-30EB76ACBC75}.Release|x86.ActiveCfg = Release|Any CPU
		{51BDF108-5CD5-4B4F-98ED-30EB76ACBC75}.Release|x86.Build.0 = Release|Any CPU
		{84F93C86-2F14-416A-8F57-74190A966EBF}.Debug|Any CPU.ActiveCfg = Debug|Any CPU
		{84F93C86-2F14-416A-8F57-74190A966EBF}.Debug|Any CPU.Build.0 = Debug|Any CPU
		{84F93C86-2F14-416A-8F57-74190A966EBF}.Debug|x64.ActiveCfg = Debug|x64
		{84F93C86-2F14-416A-8F57-74190A966EBF}.Debug|x64.Build.0 = Debug|x64
		{84F93C86-2F14-416A-8F57-74190A966EBF}.Debug|x86.ActiveCfg = Debug|x86
		{84F93C86-2F14-416A-8F57-74190A966EBF}.Debug|x86.Build.0 = Debug|x86
		{84F93C86-2F14-416A-8F57-74190A966EBF}.Release|Any CPU.ActiveCfg = Release|Any CPU
		{84F93C86-2F14-416A-8F57-74190A966EBF}.Release|Any CPU.Build.0 = Release|Any CPU
		{84F93C86-2F14-416A-8F57-74190A966EBF}.Release|x64.ActiveCfg = Release|x64
		{84F93C86-2F14-416A-8F57-74190A966EBF}.Release|x64.Build.0 = Release|x64
		{84F93C86-2F14-416A-8F57-74190A966EBF}.Release|x86.ActiveCfg = Release|x86
		{84F93C86-2F14-416A-8F57-74190A966EBF}.Release|x86.Build.0 = Release|x86
	EndGlobalSection
	GlobalSection(SolutionProperties) = preSolution
		HideSolutionNode = FALSE
	EndGlobalSection
	GlobalSection(ExtensibilityGlobals) = postSolution
		SolutionGuid = {5FBA6DBB-4E28-44EB-A105-4FEE15544B45}
	EndGlobalSection
EndGlobal
